// !$*UTF8*$!
{
	archiveVersion = 1;
	classes = {
	};
	objectVersion = 55;
	objects = {

/* Begin PBXBuildFile section */
		161A0E2528B584F400B191E0 /* AppDelegate.swift in Sources */ = {isa = PBXBuildFile; fileRef = 161A0E2428B584F400B191E0 /* AppDelegate.swift */; };
		161A0E2728B584F400B191E0 /* SceneDelegate.swift in Sources */ = {isa = PBXBuildFile; fileRef = 161A0E2628B584F400B191E0 /* SceneDelegate.swift */; };
		161A0E2928B584F400B191E0 /* ViewController.swift in Sources */ = {isa = PBXBuildFile; fileRef = 161A0E2828B584F400B191E0 /* ViewController.swift */; };
		161A0E2C28B584F400B191E0 /* Main.storyboard in Resources */ = {isa = PBXBuildFile; fileRef = 161A0E2A28B584F400B191E0 /* Main.storyboard */; };
		161A0E2E28B584F700B191E0 /* Assets.xcassets in Resources */ = {isa = PBXBuildFile; fileRef = 161A0E2D28B584F700B191E0 /* Assets.xcassets */; };
		161A0E3128B584F700B191E0 /* LaunchScreen.storyboard in Resources */ = {isa = PBXBuildFile; fileRef = 161A0E2F28B584F700B191E0 /* LaunchScreen.storyboard */; };
		161A0E3C28B584F800B191E0 /* PPT2Tests.swift in Sources */ = {isa = PBXBuildFile; fileRef = 161A0E3B28B584F800B191E0 /* PPT2Tests.swift */; };
		161A0E4628B584F800B191E0 /* PPT2UITests.swift in Sources */ = {isa = PBXBuildFile; fileRef = 161A0E4528B584F800B191E0 /* PPT2UITests.swift */; };
		161A0E4828B584F800B191E0 /* PPT2UITestsLaunchTests.swift in Sources */ = {isa = PBXBuildFile; fileRef = 161A0E4728B584F800B191E0 /* PPT2UITestsLaunchTests.swift */; };
		161A0E5528B84B2A00B191E0 /* PruebaUI.swift in Sources */ = {isa = PBXBuildFile; fileRef = 161A0E5428B84B2A00B191E0 /* PruebaUI.swift */; };
		161A0E5728B8560B00B191E0 /* Prueba.swift in Sources */ = {isa = PBXBuildFile; fileRef = 161A0E5628B8560B00B191E0 /* Prueba.swift */; };
/* End PBXBuildFile section */

/* Begin PBXContainerItemProxy section */
		161A0E3828B584F800B191E0 /* PBXContainerItemProxy */ = {
			isa = PBXContainerItemProxy;
			containerPortal = 161A0E1928B584F400B191E0 /* Project object */;
			proxyType = 1;
			remoteGlobalIDString = 161A0E2028B584F400B191E0;
			remoteInfo = PPT2;
		};
		161A0E4228B584F800B191E0 /* PBXContainerItemProxy */ = {
			isa = PBXContainerItemProxy;
			containerPortal = 161A0E1928B584F400B191E0 /* Project object */;
			proxyType = 1;
			remoteGlobalIDString = 161A0E2028B584F400B191E0;
			remoteInfo = PPT2;
		};
/* End PBXContainerItemProxy section */

/* Begin PBXFileReference section */
		161A0E2128B584F400B191E0 /* PPT2.app */ = {isa = PBXFileReference; explicitFileType = wrapper.application; includeInIndex = 0; path = PPT2.app; sourceTree = BUILT_PRODUCTS_DIR; };
		161A0E2428B584F400B191E0 /* AppDelegate.swift */ = {isa = PBXFileReference; lastKnownFileType = sourcecode.swift; path = AppDelegate.swift; sourceTree = "<group>"; };
		161A0E2628B584F400B191E0 /* SceneDelegate.swift */ = {isa = PBXFileReference; lastKnownFileType = sourcecode.swift; path = SceneDelegate.swift; sourceTree = "<group>"; };
		161A0E2828B584F400B191E0 /* ViewController.swift */ = {isa = PBXFileReference; lastKnownFileType = sourcecode.swift; path = ViewController.swift; sourceTree = "<group>"; };
		161A0E2B28B584F400B191E0 /* Base */ = {isa = PBXFileReference; lastKnownFileType = file.storyboard; name = Base; path = Base.lproj/Main.storyboard; sourceTree = "<group>"; };
		161A0E2D28B584F700B191E0 /* Assets.xcassets */ = {isa = PBXFileReference; lastKnownFileType = folder.assetcatalog; path = Assets.xcassets; sourceTree = "<group>"; };
		161A0E3028B584F700B191E0 /* Base */ = {isa = PBXFileReference; lastKnownFileType = file.storyboard; name = Base; path = Base.lproj/LaunchScreen.storyboard; sourceTree = "<group>"; };
		161A0E3228B584F700B191E0 /* Info.plist */ = {isa = PBXFileReference; lastKnownFileType = text.plist.xml; path = Info.plist; sourceTree = "<group>"; };
		161A0E3728B584F800B191E0 /* PPT2Tests.xctest */ = {isa = PBXFileReference; explicitFileType = wrapper.cfbundle; includeInIndex = 0; path = PPT2Tests.xctest; sourceTree = BUILT_PRODUCTS_DIR; };
		161A0E3B28B584F800B191E0 /* PPT2Tests.swift */ = {isa = PBXFileReference; lastKnownFileType = sourcecode.swift; path = PPT2Tests.swift; sourceTree = "<group>"; };
		161A0E4128B584F800B191E0 /* PPT2UITests.xctest */ = {isa = PBXFileReference; explicitFileType = wrapper.cfbundle; includeInIndex = 0; path = PPT2UITests.xctest; sourceTree = BUILT_PRODUCTS_DIR; };
		161A0E4528B584F800B191E0 /* PPT2UITests.swift */ = {isa = PBXFileReference; lastKnownFileType = sourcecode.swift; path = PPT2UITests.swift; sourceTree = "<group>"; };
		161A0E4728B584F800B191E0 /* PPT2UITestsLaunchTests.swift */ = {isa = PBXFileReference; lastKnownFileType = sourcecode.swift; path = PPT2UITestsLaunchTests.swift; sourceTree = "<group>"; };
		161A0E5428B84B2A00B191E0 /* PruebaUI.swift */ = {isa = PBXFileReference; lastKnownFileType = sourcecode.swift; path = PruebaUI.swift; sourceTree = "<group>"; };
		161A0E5628B8560B00B191E0 /* Prueba.swift */ = {isa = PBXFileReference; lastKnownFileType = sourcecode.swift; path = Prueba.swift; sourceTree = "<group>"; };
/* End PBXFileReference section */

/* Begin PBXFrameworksBuildPhase section */
		161A0E1E28B584F400B191E0 /* Frameworks */ = {
			isa = PBXFrameworksBuildPhase;
			buildActionMask = 2147483647;
			files = (
			);
			runOnlyForDeploymentPostprocessing = 0;
		};
		161A0E3428B584F800B191E0 /* Frameworks */ = {
			isa = PBXFrameworksBuildPhase;
			buildActionMask = 2147483647;
			files = (
			);
			runOnlyForDeploymentPostprocessing = 0;
		};
		161A0E3E28B584F800B191E0 /* Frameworks */ = {
			isa = PBXFrameworksBuildPhase;
			buildActionMask = 2147483647;
			files = (
			);
			runOnlyForDeploymentPostprocessing = 0;
		};
/* End PBXFrameworksBuildPhase section */

/* Begin PBXGroup section */
		161A0E1828B584F400B191E0 = {
			isa = PBXGroup;
			children = (
				161A0E2328B584F400B191E0 /* PPT2 */,
				161A0E3A28B584F800B191E0 /* PPT2Tests */,
				161A0E4428B584F800B191E0 /* PPT2UITests */,
				161A0E2228B584F400B191E0 /* Products */,
			);
			sourceTree = "<group>";
		};
		161A0E2228B584F400B191E0 /* Products */ = {
			isa = PBXGroup;
			children = (
				161A0E2128B584F400B191E0 /* PPT2.app */,
				161A0E3728B584F800B191E0 /* PPT2Tests.xctest */,
				161A0E4128B584F800B191E0 /* PPT2UITests.xctest */,
			);
			name = Products;
			sourceTree = "<group>";
		};
		161A0E2328B584F400B191E0 /* PPT2 */ = {
			isa = PBXGroup;
			children = (
				161A0E2428B584F400B191E0 /* AppDelegate.swift */,
				161A0E2628B584F400B191E0 /* SceneDelegate.swift */,
				161A0E2828B584F400B191E0 /* ViewController.swift */,
				161A0E2A28B584F400B191E0 /* Main.storyboard */,
				161A0E2D28B584F700B191E0 /* Assets.xcassets */,
				161A0E2F28B584F700B191E0 /* LaunchScreen.storyboard */,
				161A0E3228B584F700B191E0 /* Info.plist */,
			);
			path = PPT2;
			sourceTree = "<group>";
		};
		161A0E3A28B584F800B191E0 /* PPT2Tests */ = {
			isa = PBXGroup;
			children = (
				161A0E3B28B584F800B191E0 /* PPT2Tests.swift */,
				161A0E5628B8560B00B191E0 /* Prueba.swift */,
			);
			path = PPT2Tests;
			sourceTree = "<group>";
		};
		161A0E4428B584F800B191E0 /* PPT2UITests */ = {
			isa = PBXGroup;
			children = (
				161A0E4528B584F800B191E0 /* PPT2UITests.swift */,
				161A0E4728B584F800B191E0 /* PPT2UITestsLaunchTests.swift */,
				161A0E5428B84B2A00B191E0 /* PruebaUI.swift */,
			);
			path = PPT2UITests;
			sourceTree = "<group>";
		};
/* End PBXGroup section */

/* Begin PBXNativeTarget section */
		161A0E2028B584F400B191E0 /* PPT2 */ = {
			isa = PBXNativeTarget;
			buildConfigurationList = 161A0E4B28B584F800B191E0 /* Build configuration list for PBXNativeTarget "PPT2" */;
			buildPhases = (
				161A0E1D28B584F400B191E0 /* Sources */,
				161A0E1E28B584F400B191E0 /* Frameworks */,
				161A0E1F28B584F400B191E0 /* Resources */,
			);
			buildRules = (
			);
			dependencies = (
			);
			name = PPT2;
			productName = PPT2;
			productReference = 161A0E2128B584F400B191E0 /* PPT2.app */;
			productType = "com.apple.product-type.application";
		};
		161A0E3628B584F800B191E0 /* PPT2Tests */ = {
			isa = PBXNativeTarget;
			buildConfigurationList = 161A0E4E28B584F800B191E0 /* Build configuration list for PBXNativeTarget "PPT2Tests" */;
			buildPhases = (
				161A0E3328B584F800B191E0 /* Sources */,
				161A0E3428B584F800B191E0 /* Frameworks */,
				161A0E3528B584F800B191E0 /* Resources */,
			);
			buildRules = (
			);
			dependencies = (
				161A0E3928B584F800B191E0 /* PBXTargetDependency */,
			);
			name = PPT2Tests;
			productName = PPT2Tests;
			productReference = 161A0E3728B584F800B191E0 /* PPT2Tests.xctest */;
			productType = "com.apple.product-type.bundle.unit-test";
		};
		161A0E4028B584F800B191E0 /* PPT2UITests */ = {
			isa = PBXNativeTarget;
			buildConfigurationList = 161A0E5128B584F800B191E0 /* Build configuration list for PBXNativeTarget "PPT2UITests" */;
			buildPhases = (
				161A0E3D28B584F800B191E0 /* Sources */,
				161A0E3E28B584F800B191E0 /* Frameworks */,
				161A0E3F28B584F800B191E0 /* Resources */,
			);
			buildRules = (
			);
			dependencies = (
				161A0E4328B584F800B191E0 /* PBXTargetDependency */,
			);
			name = PPT2UITests;
			productName = PPT2UITests;
			productReference = 161A0E4128B584F800B191E0 /* PPT2UITests.xctest */;
			productType = "com.apple.product-type.bundle.ui-testing";
		};
/* End PBXNativeTarget section */

/* Begin PBXProject section */
		161A0E1928B584F400B191E0 /* Project object */ = {
			isa = PBXProject;
			attributes = {
				BuildIndependentTargetsInParallel = 1;
				LastSwiftUpdateCheck = 1320;
				LastUpgradeCheck = 1320;
				TargetAttributes = {
					161A0E2028B584F400B191E0 = {
						CreatedOnToolsVersion = 13.2.1;
					};
					161A0E3628B584F800B191E0 = {
						CreatedOnToolsVersion = 13.2.1;
						TestTargetID = 161A0E2028B584F400B191E0;
					};
					161A0E4028B584F800B191E0 = {
						CreatedOnToolsVersion = 13.2.1;
						TestTargetID = 161A0E2028B584F400B191E0;
					};
				};
			};
			buildConfigurationList = 161A0E1C28B584F400B191E0 /* Build configuration list for PBXProject "PPT2" */;
			compatibilityVersion = "Xcode 13.0";
			developmentRegion = en;
			hasScannedForEncodings = 0;
			knownRegions = (
				en,
				Base,
			);
			mainGroup = 161A0E1828B584F400B191E0;
			productRefGroup = 161A0E2228B584F400B191E0 /* Products */;
			projectDirPath = "";
			projectRoot = "";
			targets = (
				161A0E2028B584F400B191E0 /* PPT2 */,
				161A0E3628B584F800B191E0 /* PPT2Tests */,
				161A0E4028B584F800B191E0 /* PPT2UITests */,
			);
		};
/* End PBXProject section */

/* Begin PBXResourcesBuildPhase section */
		161A0E1F28B584F400B191E0 /* Resources */ = {
			isa = PBXResourcesBuildPhase;
			buildActionMask = 2147483647;
			files = (
				161A0E3128B584F700B191E0 /* LaunchScreen.storyboard in Resources */,
				161A0E2E28B584F700B191E0 /* Assets.xcassets in Resources */,
				161A0E2C28B584F400B191E0 /* Main.storyboard in Resources */,
			);
			runOnlyForDeploymentPostprocessing = 0;
		};
		161A0E3528B584F800B191E0 /* Resources */ = {
			isa = PBXResourcesBuildPhase;
			buildActionMask = 2147483647;
			files = (
			);
			runOnlyForDeploymentPostprocessing = 0;
		};
		161A0E3F28B584F800B191E0 /* Resources */ = {
			isa = PBXResourcesBuildPhase;
			buildActionMask = 2147483647;
			files = (
			);
			runOnlyForDeploymentPostprocessing = 0;
		};
/* End PBXResourcesBuildPhase section */

/* Begin PBXSourcesBuildPhase section */
		161A0E1D28B584F400B191E0 /* Sources */ = {
			isa = PBXSourcesBuildPhase;
			buildActionMask = 2147483647;
			files = (
				161A0E2928B584F400B191E0 /* ViewController.swift in Sources */,
				161A0E2528B584F400B191E0 /* AppDelegate.swift in Sources */,
				161A0E2728B584F400B191E0 /* SceneDelegate.swift in Sources */,
			);
			runOnlyForDeploymentPostprocessing = 0;
		};
		161A0E3328B584F800B191E0 /* Sources */ = {
			isa = PBXSourcesBuildPhase;
			buildActionMask = 2147483647;
			files = (
				161A0E5728B8560B00B191E0 /* Prueba.swift in Sources */,
				161A0E3C28B584F800B191E0 /* PPT2Tests.swift in Sources */,
			);
			runOnlyForDeploymentPostprocessing = 0;
		};
		161A0E3D28B584F800B191E0 /* Sources */ = {
			isa = PBXSourcesBuildPhase;
			buildActionMask = 2147483647;
			files = (
				161A0E4828B584F800B191E0 /* PPT2UITestsLaunchTests.swift in Sources */,
				161A0E5528B84B2A00B191E0 /* PruebaUI.swift in Sources */,
				161A0E4628B584F800B191E0 /* PPT2UITests.swift in Sources */,
			);
			runOnlyForDeploymentPostprocessing = 0;
		};
/* End PBXSourcesBuildPhase section */

/* Begin PBXTargetDependency section */
		161A0E3928B584F800B191E0 /* PBXTargetDependency */ = {
			isa = PBXTargetDependency;
			target = 161A0E2028B584F400B191E0 /* PPT2 */;
			targetProxy = 161A0E3828B584F800B191E0 /* PBXContainerItemProxy */;
		};
		161A0E4328B584F800B191E0 /* PBXTargetDependency */ = {
			isa = PBXTargetDependency;
			target = 161A0E2028B584F400B191E0 /* PPT2 */;
			targetProxy = 161A0E4228B584F800B191E0 /* PBXContainerItemProxy */;
		};
/* End PBXTargetDependency section */

/* Begin PBXVariantGroup section */
		161A0E2A28B584F400B191E0 /* Main.storyboard */ = {
			isa = PBXVariantGroup;
			children = (
				161A0E2B28B584F400B191E0 /* Base */,
			);
			name = Main.storyboard;
			sourceTree = "<group>";
		};
		161A0E2F28B584F700B191E0 /* LaunchScreen.storyboard */ = {
			isa = PBXVariantGroup;
			children = (
				161A0E3028B584F700B191E0 /* Base */,
			);
			name = LaunchScreen.storyboard;
			sourceTree = "<group>";
		};
/* End PBXVariantGroup section */

/* Begin XCBuildConfiguration section */
		161A0E4928B584F800B191E0 /* Debug */ = {
			isa = XCBuildConfiguration;
			buildSettings = {
				ALWAYS_SEARCH_USER_PATHS = NO;
				CLANG_ANALYZER_NONNULL = YES;
				CLANG_ANALYZER_NUMBER_OBJECT_CONVERSION = YES_AGGRESSIVE;
				CLANG_CXX_LANGUAGE_STANDARD = "gnu++17";
				CLANG_CXX_LIBRARY = "libc++";
				CLANG_ENABLE_MODULES = YES;
				CLANG_ENABLE_OBJC_ARC = YES;
				CLANG_ENABLE_OBJC_WEAK = YES;
				CLANG_WARN_BLOCK_CAPTURE_AUTORELEASING = YES;
				CLANG_WARN_BOOL_CONVERSION = YES;
				CLANG_WARN_COMMA = YES;
				CLANG_WARN_CONSTANT_CONVERSION = YES;
				CLANG_WARN_DEPRECATED_OBJC_IMPLEMENTATIONS = YES;
				CLANG_WARN_DIRECT_OBJC_ISA_USAGE = YES_ERROR;
				CLANG_WARN_DOCUMENTATION_COMMENTS = YES;
				CLANG_WARN_EMPTY_BODY = YES;
				CLANG_WARN_ENUM_CONVERSION = YES;
				CLANG_WARN_INFINITE_RECURSION = YES;
				CLANG_WARN_INT_CONVERSION = YES;
				CLANG_WARN_NON_LITERAL_NULL_CONVERSION = YES;
				CLANG_WARN_OBJC_IMPLICIT_RETAIN_SELF = YES;
				CLANG_WARN_OBJC_LITERAL_CONVERSION = YES;
				CLANG_WARN_OBJC_ROOT_CLASS = YES_ERROR;
				CLANG_WARN_QUOTED_INCLUDE_IN_FRAMEWORK_HEADER = YES;
				CLANG_WARN_RANGE_LOOP_ANALYSIS = YES;
				CLANG_WARN_STRICT_PROTOTYPES = YES;
				CLANG_WARN_SUSPICIOUS_MOVE = YES;
				CLANG_WARN_UNGUARDED_AVAILABILITY = YES_AGGRESSIVE;
				CLANG_WARN_UNREACHABLE_CODE = YES;
				CLANG_WARN__DUPLICATE_METHOD_MATCH = YES;
				COPY_PHASE_STRIP = NO;
				DEBUG_INFORMATION_FORMAT = dwarf;
				ENABLE_STRICT_OBJC_MSGSEND = YES;
				ENABLE_TESTABILITY = YES;
				GCC_C_LANGUAGE_STANDARD = gnu11;
				GCC_DYNAMIC_NO_PIC = NO;
				GCC_NO_COMMON_BLOCKS = YES;
				GCC_OPTIMIZATION_LEVEL = 0;
				GCC_PREPROCESSOR_DEFINITIONS = (
					"DEBUG=1",
					"$(inherited)",
				);
				GCC_WARN_64_TO_32_BIT_CONVERSION = YES;
				GCC_WARN_ABOUT_RETURN_TYPE = YES_ERROR;
				GCC_WARN_UNDECLARED_SELECTOR = YES;
				GCC_WARN_UNINITIALIZED_AUTOS = YES_AGGRESSIVE;
				GCC_WARN_UNUSED_FUNCTION = YES;
				GCC_WARN_UNUSED_VARIABLE = YES;
				IPHONEOS_DEPLOYMENT_TARGET = 15.2;
				MTL_ENABLE_DEBUG_INFO = INCLUDE_SOURCE;
				MTL_FAST_MATH = YES;
				ONLY_ACTIVE_ARCH = YES;
				SDKROOT = iphoneos;
				SWIFT_ACTIVE_COMPILATION_CONDITIONS = DEBUG;
				SWIFT_OPTIMIZATION_LEVEL = "-Onone";
			};
			name = Debug;
		};
		161A0E4A28B584F800B191E0 /* Release */ = {
			isa = XCBuildConfiguration;
			buildSettings = {
				ALWAYS_SEARCH_USER_PATHS = NO;
				CLANG_ANALYZER_NONNULL = YES;
				CLANG_ANALYZER_NUMBER_OBJECT_CONVERSION = YES_AGGRESSIVE;
				CLANG_CXX_LANGUAGE_STANDARD = "gnu++17";
				CLANG_CXX_LIBRARY = "libc++";
				CLANG_ENABLE_MODULES = YES;
				CLANG_ENABLE_OBJC_ARC = YES;
				CLANG_ENABLE_OBJC_WEAK = YES;
				CLANG_WARN_BLOCK_CAPTURE_AUTORELEASING = YES;
				CLANG_WARN_BOOL_CONVERSION = YES;
				CLANG_WARN_COMMA = YES;
				CLANG_WARN_CONSTANT_CONVERSION = YES;
				CLANG_WARN_DEPRECATED_OBJC_IMPLEMENTATIONS = YES;
				CLANG_WARN_DIRECT_OBJC_ISA_USAGE = YES_ERROR;
				CLANG_WARN_DOCUMENTATION_COMMENTS = YES;
				CLANG_WARN_EMPTY_BODY = YES;
				CLANG_WARN_ENUM_CONVERSION = YES;
				CLANG_WARN_INFINITE_RECURSION = YES;
				CLANG_WARN_INT_CONVERSION = YES;
				CLANG_WARN_NON_LITERAL_NULL_CONVERSION = YES;
				CLANG_WARN_OBJC_IMPLICIT_RETAIN_SELF = YES;
				CLANG_WARN_OBJC_LITERAL_CONVERSION = YES;
				CLANG_WARN_OBJC_ROOT_CLASS = YES_ERROR;
				CLANG_WARN_QUOTED_INCLUDE_IN_FRAMEWORK_HEADER = YES;
				CLANG_WARN_RANGE_LOOP_ANALYSIS = YES;
				CLANG_WARN_STRICT_PROTOTYPES = YES;
				CLANG_WARN_SUSPICIOUS_MOVE = YES;
				CLANG_WARN_UNGUARDED_AVAILABILITY = YES_AGGRESSIVE;
				CLANG_WARN_UNREACHABLE_CODE = YES;
				CLANG_WARN__DUPLICATE_METHOD_MATCH = YES;
				COPY_PHASE_STRIP = NO;
				DEBUG_INFORMATION_FORMAT = "dwarf-with-dsym";
				ENABLE_NS_ASSERTIONS = NO;
				ENABLE_STRICT_OBJC_MSGSEND = YES;
				GCC_C_LANGUAGE_STANDARD = gnu11;
				GCC_NO_COMMON_BLOCKS = YES;
				GCC_WARN_64_TO_32_BIT_CONVERSION = YES;
				GCC_WARN_ABOUT_RETURN_TYPE = YES_ERROR;
				GCC_WARN_UNDECLARED_SELECTOR = YES;
				GCC_WARN_UNINITIALIZED_AUTOS = YES_AGGRESSIVE;
				GCC_WARN_UNUSED_FUNCTION = YES;
				GCC_WARN_UNUSED_VARIABLE = YES;
				IPHONEOS_DEPLOYMENT_TARGET = 15.2;
				MTL_ENABLE_DEBUG_INFO = NO;
				MTL_FAST_MATH = YES;
				SDKROOT = iphoneos;
				SWIFT_COMPILATION_MODE = wholemodule;
				SWIFT_OPTIMIZATION_LEVEL = "-O";
				VALIDATE_PRODUCT = YES;
			};
			name = Release;
		};
		161A0E4C28B584F800B191E0 /* Debug */ = {
			isa = XCBuildConfiguration;
			buildSettings = {
				ASSETCATALOG_COMPILER_APPICON_NAME = AppIcon;
				ASSETCATALOG_COMPILER_GLOBAL_ACCENT_COLOR_NAME = AccentColor;
				CODE_SIGN_STYLE = Automatic;
				CURRENT_PROJECT_VERSION = 1;
				GENERATE_INFOPLIST_FILE = YES;
				INFOPLIST_FILE = PPT2/Info.plist;
				INFOPLIST_KEY_UIApplicationSupportsIndirectInputEvents = YES;
				INFOPLIST_KEY_UILaunchStoryboardName = LaunchScreen;
				INFOPLIST_KEY_UIMainStoryboardFile = Main;
				INFOPLIST_KEY_UISupportedInterfaceOrientations_iPad = "UIInterfaceOrientationPortrait UIInterfaceOrientationPortraitUpsideDown UIInterfaceOrientationLandscapeLeft UIInterfaceOrientationLandscapeRight";
				INFOPLIST_KEY_UISupportedInterfaceOrientations_iPhone = "UIInterfaceOrientationPortrait UIInterfaceOrientationLandscapeLeft UIInterfaceOrientationLandscapeRight";
				LD_RUNPATH_SEARCH_PATHS = (
					"$(inherited)",
					"@executable_path/Frameworks",
				);
				MARKETING_VERSION = 1.0;
				PRODUCT_BUNDLE_IDENTIFIER = Jacob.PPT2;
				PRODUCT_NAME = "$(TARGET_NAME)";
				SWIFT_EMIT_LOC_STRINGS = YES;
				SWIFT_VERSION = 5.0;
				TARGETED_DEVICE_FAMILY = "1,2";
			};
			name = Debug;
		};
		161A0E4D28B584F800B191E0 /* Release */ = {
			isa = XCBuildConfiguration;
			buildSettings = {
				ASSETCATALOG_COMPILER_APPICON_NAME = AppIcon;
				ASSETCATALOG_COMPILER_GLOBAL_ACCENT_COLOR_NAME = AccentColor;
				CODE_SIGN_STYLE = Automatic;
				CURRENT_PROJECT_VERSION = 1;
				GENERATE_INFOPLIST_FILE = YES;
				INFOPLIST_FILE = PPT2/Info.plist;
				INFOPLIST_KEY_UIApplicationSupportsIndirectInputEvents = YES;
				INFOPLIST_KEY_UILaunchStoryboardName = LaunchScreen;
				INFOPLIST_KEY_UIMainStoryboardFile = Main;
				INFOPLIST_KEY_UISupportedInterfaceOrientations_iPad = "UIInterfaceOrientationPortrait UIInterfaceOrientationPortraitUpsideDown UIInterfaceOrientationLandscapeLeft UIInterfaceOrientationLandscapeRight";
				INFOPLIST_KEY_UISupportedInterfaceOrientations_iPhone = "UIInterfaceOrientationPortrait UIInterfaceOrientationLandscapeLeft UIInterfaceOrientationLandscapeRight";
				LD_RUNPATH_SEARCH_PATHS = (
					"$(inherited)",
					"@executable_path/Frameworks",
				);
				MARKETING_VERSION = 1.0;
				PRODUCT_BUNDLE_IDENTIFIER = Jacob.PPT2;
				PRODUCT_NAME = "$(TARGET_NAME)";
				SWIFT_EMIT_LOC_STRINGS = YES;
				SWIFT_VERSION = 5.0;
				TARGETED_DEVICE_FAMILY = "1,2";
			};
			name = Release;
		};
		161A0E4F28B584F800B191E0 /* Debug */ = {
			isa = XCBuildConfiguration;
			buildSettings = {
				ALWAYS_EMBED_SWIFT_STANDARD_LIBRARIES = YES;
				BUNDLE_LOADER = "$(TEST_HOST)";
				CODE_SIGN_STYLE = Automatic;
				CURRENT_PROJECT_VERSION = 1;
				GENERATE_INFOPLIST_FILE = YES;
				IPHONEOS_DEPLOYMENT_TARGET = 15.2;
				MARKETING_VERSION = 1.0;
				PRODUCT_BUNDLE_IDENTIFIER = Jacob.PPT2Tests;
				PRODUCT_NAME = "$(TARGET_NAME)";
				SWIFT_EMIT_LOC_STRINGS = NO;
				SWIFT_VERSION = 5.0;
				TARGETED_DEVICE_FAMILY = "1,2";
				TEST_HOST = "$(BUILT_PRODUCTS_DIR)/PPT2.app/PPT2";
			};
			name = Debug;
		};
		161A0E5028B584F800B191E0 /* Release */ = {
			isa = XCBuildConfiguration;
			buildSettings = {
				ALWAYS_EMBED_SWIFT_STANDARD_LIBRARIES = YES;
				BUNDLE_LOADER = "$(TEST_HOST)";
				CODE_SIGN_STYLE = Automatic;
				CURRENT_PROJECT_VERSION = 1;
				GENERATE_INFOPLIST_FILE = YES;
				IPHONEOS_DEPLOYMENT_TARGET = 15.2;
				MARKETING_VERSION = 1.0;
				PRODUCT_BUNDLE_IDENTIFIER = Jacob.PPT2Tests;
				PRODUCT_NAME = "$(TARGET_NAME)";
				SWIFT_EMIT_LOC_STRINGS = NO;
				SWIFT_VERSION = 5.0;
				TARGETED_DEVICE_FAMILY = "1,2";
				TEST_HOST = "$(BUILT_PRODUCTS_DIR)/PPT2.app/PPT2";
			};
			name = Release;
		};
		161A0E5228B584F800B191E0 /* Debug */ = {
			isa = XCBuildConfiguration;
			buildSettings = {
				ALWAYS_EMBED_SWIFT_STANDARD_LIBRARIES = YES;
				CODE_SIGN_STYLE = Automatic;
				CURRENT_PROJECT_VERSION = 1;
				GENERATE_INFOPLIST_FILE = YES;
				MARKETING_VERSION = 1.0;
				PRODUCT_BUNDLE_IDENTIFIER = Jacob.PPT2UITests;
				PRODUCT_NAME = "$(TARGET_NAME)";
				SWIFT_EMIT_LOC_STRINGS = NO;
				SWIFT_VERSION = 5.0;
				TARGETED_DEVICE_FAMILY = "1,2";
				TEST_TARGET_NAME = PPT2;
			};
			name = Debug;
		};
		161A0E5328B584F800B191E0 /* Release */ = {
			isa = XCBuildConfiguration;
			buildSettings = {
				ALWAYS_EMBED_SWIFT_STANDARD_LIBRARIES = YES;
				CODE_SIGN_STYLE = Automatic;
				CURRENT_PROJECT_VERSION = 1;
				GENERATE_INFOPLIST_FILE = YES;
				MARKETING_VERSION = 1.0;
				PRODUCT_BUNDLE_IDENTIFIER = Jacob.PPT2UITests;
				PRODUCT_NAME = "$(TARGET_NAME)";
				SWIFT_EMIT_LOC_STRINGS = NO;
				SWIFT_VERSION = 5.0;
				TARGETED_DEVICE_FAMILY = "1,2";
				TEST_TARGET_NAME = PPT2;
			};
			name = Release;
		};
/* End XCBuildConfiguration section */

/* Begin XCConfigurationList section */
		161A0E1C28B584F400B191E0 /* Build configuration list for PBXProject "PPT2" */ = {
			isa = XCConfigurationList;
			buildConfigurations = (
				161A0E4928B584F800B191E0 /* Debug */,
				161A0E4A28B584F800B191E0 /* Release */,
			);
			defaultConfigurationIsVisible = 0;
			defaultConfigurationName = Release;
		};
		161A0E4B28B584F800B191E0 /* Build configuration list for PBXNativeTarget "PPT2" */ = {
			isa = XCConfigurationList;
			buildConfigurations = (
				161A0E4C28B584F800B191E0 /* Debug */,
				161A0E4D28B584F800B191E0 /* Release */,
			);
			defaultConfigurationIsVisible = 0;
			defaultConfigurationName = Release;
		};
		161A0E4E28B584F800B191E0 /* Build configuration list for PBXNativeTarget "PPT2Tests" */ = {
			isa = XCConfigurationList;
			buildConfigurations = (
				161A0E4F28B584F800B191E0 /* Debug */,
				161A0E5028B584F800B191E0 /* Release */,
			);
			defaultConfigurationIsVisible = 0;
			defaultConfigurationName = Release;
		};
		161A0E5128B584F800B191E0 /* Build configuration list for PBXNativeTarget "PPT2UITests" */ = {
			isa = XCConfigurationList;
			buildConfigurations = (
				161A0E5228B584F800B191E0 /* Debug */,
				161A0E5328B584F800B191E0 /* Release */,
			);
			defaultConfigurationIsVisible = 0;
			defaultConfigurationName = Release;
		};
/* End XCConfigurationList section */
	};
	rootObject = 161A0E1928B584F400B191E0 /* Project object */;
}
